
Microsoft Visual Studio Solution File, Format Version 12.00
# Visual Studio Version 17
VisualStudioVersion = 17.7.34221.43
MinimumVisualStudioVersion = 10.0.40219.1
Project("{9A19103F-16F7-4668-BE54-9A1E7A4F7556}") = "server", "server\server.csproj", "{DCDC4E6A-8C25-4B36-B7E3-9D69E0184EA8}"
EndProject
Project("{9A19103F-16F7-4668-BE54-9A1E7A4F7556}") = "common", "common\common.csproj", "{BC5910CD-3134-4FAE-9F6C-D4CAC9ED02B5}"
EndProject
Global
	GlobalSection(SolutionConfigurationPlatforms) = preSolution
		Debug|Any CPU = Debug|Any CPU
		Release|Any CPU = Release|Any CPU
	EndGlobalSection
	GlobalSection(ProjectConfigurationPlatforms) = postSolution
		{DCDC4E6A-8C25-4B36-B7E3-9D69E0184EA8}.Debug|Any CPU.ActiveCfg = Debug|Any CPU
		{DCDC4E6A-8C25-4B36-B7E3-9D69E0184EA8}.Debug|Any CPU.Build.0 = Debug|Any CPU
		{DCDC4E6A-8C25-4B36-B7E3-9D69E0184EA8}.Release|Any CPU.ActiveCfg = Release|Any CPU
		{DCDC4E6A-8C25-4B36-B7E3-9D69E0184EA8}.Release|Any CPU.Build.0 = Release|Any CPU
		{BC5910CD-3134-4FAE-9F6C-D4CAC9ED02B5}.Debug|Any CPU.ActiveCfg = Debug|Any CPU
		{BC5910CD-3134-4FAE-9F6C-D4CAC9ED02B5}.Debug|Any CPU.Build.0 = Debug|Any CPU
		{BC5910CD-3134-4FAE-9F6C-D4CAC9ED02B5}.Release|Any CPU.ActiveCfg = Release|Any CPU
		{BC5910CD-3134-4FAE-9F6C-D4CAC9ED02B5}.Release|Any CPU.Build.0 = Release|Any CPU
	EndGlobalSection
	GlobalSection(SolutionProperties) = preSolution
		HideSolutionNode = FALSE
	EndGlobalSection
	GlobalSection(ExtensibilityGlobals) = postSolution
		SolutionGuid = {8480534B-593B-4A98-8361-F4ACFAFCD1DA}
	EndGlobalSection
EndGlobal
